
Microsoft Visual Studio Solution File, Format Version 12.00
# Visual Studio Version 17
VisualStudioVersion = 17.14.36408.4
MinimumVisualStudioVersion = 10.0.40219.1
Project("{2150E333-8FDC-42A3-9474-1A3956D46DE8}") = "50_SevensMCP", "50_SevensMCP", "{DDB4EF12-CC4E-5E88-E6FC-71A802F4DE97}"
EndProject
Project("{FAE04EC0-301F-11D3-BF4B-00C04F79EFBC}") = "50_05000_Domain", "src\SevensMCP\Domain\50_05000_Domain.csproj", "{241F99F3-DB16-4128-B6CA-8BADD55DCE8F}"
EndProject
Project("{2150E333-8FDC-42A3-9474-1A3956D46DE8}") = "10_Common", "10_Common", "{C7E04561-4C77-4623-BAB5-33B31A996587}"
EndProject
Project("{2150E333-8FDC-42A3-9474-1A3956D46DE8}") = "10_01000_Polyfills", "10_01000_Polyfills", "{94411269-8905-424B-9A30-2B5BC908079C}"
EndProject
Project("{2150E333-8FDC-42A3-9474-1A3956D46DE8}") = "Netstandard20", "Netstandard20", "{C974A930-3809-47FE-9A6A-4612C0068906}"
	ProjectSection(SolutionItems) = preProject
		src\Common\Polyfills\Netstandard20\Polyfills.cs = src\Common\Polyfills\Netstandard20\Polyfills.cs
	EndProjectSection
EndProject
Project("{FAE04EC0-301F-11D3-BF4B-00C04F79EFBC}") = "50_10000_ViewModels", "src\SevensMCP\ViewModels\50_10000_ViewModels.csproj", "{CD5F13AC-DB16-4BB6-B25B-200388C3979C}"
EndProject
Project("{FAE04EC0-301F-11D3-BF4B-00C04F79EFBC}") = "50_15000_Views", "src\SevensMCP\Views\50_15000_Views.csproj", "{D2D93D56-DFF7-43FB-BD25-DBCBA62F09CF}"
EndProject
Project("{FAE04EC0-301F-11D3-BF4B-00C04F79EFBC}") = "50_20000_App", "src\SevensMCP\App\50_20000_App.csproj", "{E60AC039-38E8-4137-B0E9-D3FB8E608FDE}"
EndProject
Project("{2150E333-8FDC-42A3-9474-1A3956D46DE8}") = "20_SimplePocBase", "20_SimplePocBase", "{3C179C95-F2ED-4217-96BF-635D93D12B92}"
EndProject
Project("{FAE04EC0-301F-11D3-BF4B-00C04F79EFBC}") = "20_10000_ViewModels", "src\SimplePoCBase\ViewModels\20_10000_ViewModels.csproj", "{007BCE7B-7BAA-431C-A8A8-7012FD0E324B}"
EndProject
Project("{FAE04EC0-301F-11D3-BF4B-00C04F79EFBC}") = "20_15000_Views", "src\SimplePoCBase\Views\20_15000_Views.csproj", "{50BA3E2B-1948-4C2E-89EB-A0BA4335E9CA}"
EndProject
Project("{FAE04EC0-301F-11D3-BF4B-00C04F79EFBC}") = "20_20000_App", "src\SimplePoCBase\App\20_20000_App.csproj", "{8339A83E-2FD2-4C5B-A1BA-94440046238C}"
EndProject
Project("{FAE04EC0-301F-11D3-BF4B-00C04F79EFBC}") = "20_05000_Infrastructure", "src\SimplePoCBase\Infrastructure\20_05000_Infrastructure.csproj", "{B6781869-F57E-4778-8A8C-590989129FC8}"
EndProject
Global
	GlobalSection(SolutionConfigurationPlatforms) = preSolution
		Debug|Any CPU = Debug|Any CPU
		Release|Any CPU = Release|Any CPU
	EndGlobalSection
	GlobalSection(ProjectConfigurationPlatforms) = postSolution
		{241F99F3-DB16-4128-B6CA-8BADD55DCE8F}.Debug|Any CPU.ActiveCfg = Debug|Any CPU
		{241F99F3-DB16-4128-B6CA-8BADD55DCE8F}.Debug|Any CPU.Build.0 = Debug|Any CPU
		{241F99F3-DB16-4128-B6CA-8BADD55DCE8F}.Release|Any CPU.ActiveCfg = Release|Any CPU
		{241F99F3-DB16-4128-B6CA-8BADD55DCE8F}.Release|Any CPU.Build.0 = Release|Any CPU
		{CD5F13AC-DB16-4BB6-B25B-200388C3979C}.Debug|Any CPU.ActiveCfg = Debug|Any CPU
		{CD5F13AC-DB16-4BB6-B25B-200388C3979C}.Debug|Any CPU.Build.0 = Debug|Any CPU
		{CD5F13AC-DB16-4BB6-B25B-200388C3979C}.Release|Any CPU.ActiveCfg = Release|Any CPU
		{CD5F13AC-DB16-4BB6-B25B-200388C3979C}.Release|Any CPU.Build.0 = Release|Any CPU
		{D2D93D56-DFF7-43FB-BD25-DBCBA62F09CF}.Debug|Any CPU.ActiveCfg = Debug|Any CPU
		{D2D93D56-DFF7-43FB-BD25-DBCBA62F09CF}.Debug|Any CPU.Build.0 = Debug|Any CPU
		{D2D93D56-DFF7-43FB-BD25-DBCBA62F09CF}.Release|Any CPU.ActiveCfg = Release|Any CPU
		{D2D93D56-DFF7-43FB-BD25-DBCBA62F09CF}.Release|Any CPU.Build.0 = Release|Any CPU
		{E60AC039-38E8-4137-B0E9-D3FB8E608FDE}.Debug|Any CPU.ActiveCfg = Debug|Any CPU
		{E60AC039-38E8-4137-B0E9-D3FB8E608FDE}.Debug|Any CPU.Build.0 = Debug|Any CPU
		{E60AC039-38E8-4137-B0E9-D3FB8E608FDE}.Release|Any CPU.ActiveCfg = Release|Any CPU
		{E60AC039-38E8-4137-B0E9-D3FB8E608FDE}.Release|Any CPU.Build.0 = Release|Any CPU
		{007BCE7B-7BAA-431C-A8A8-7012FD0E324B}.Debug|Any CPU.ActiveCfg = Debug|Any CPU
		{007BCE7B-7BAA-431C-A8A8-7012FD0E324B}.Debug|Any CPU.Build.0 = Debug|Any CPU
		{007BCE7B-7BAA-431C-A8A8-7012FD0E324B}.Release|Any CPU.ActiveCfg = Release|Any CPU
		{007BCE7B-7BAA-431C-A8A8-7012FD0E324B}.Release|Any CPU.Build.0 = Release|Any CPU
		{50BA3E2B-1948-4C2E-89EB-A0BA4335E9CA}.Debug|Any CPU.ActiveCfg = Debug|Any CPU
		{50BA3E2B-1948-4C2E-89EB-A0BA4335E9CA}.Debug|Any CPU.Build.0 = Debug|Any CPU
		{50BA3E2B-1948-4C2E-89EB-A0BA4335E9CA}.Release|Any CPU.ActiveCfg = Release|Any CPU
		{50BA3E2B-1948-4C2E-89EB-A0BA4335E9CA}.Release|Any CPU.Build.0 = Release|Any CPU
		{8339A83E-2FD2-4C5B-A1BA-94440046238C}.Debug|Any CPU.ActiveCfg = Debug|Any CPU
		{8339A83E-2FD2-4C5B-A1BA-94440046238C}.Debug|Any CPU.Build.0 = Debug|Any CPU
		{8339A83E-2FD2-4C5B-A1BA-94440046238C}.Release|Any CPU.ActiveCfg = Release|Any CPU
		{8339A83E-2FD2-4C5B-A1BA-94440046238C}.Release|Any CPU.Build.0 = Release|Any CPU
		{B6781869-F57E-4778-8A8C-590989129FC8}.Debug|Any CPU.ActiveCfg = Debug|Any CPU
		{B6781869-F57E-4778-8A8C-590989129FC8}.Debug|Any CPU.Build.0 = Debug|Any CPU
		{B6781869-F57E-4778-8A8C-590989129FC8}.Release|Any CPU.ActiveCfg = Release|Any CPU
		{B6781869-F57E-4778-8A8C-590989129FC8}.Release|Any CPU.Build.0 = Release|Any CPU
	EndGlobalSection
	GlobalSection(SolutionProperties) = preSolution
		HideSolutionNode = FALSE
	EndGlobalSection
	GlobalSection(NestedProjects) = preSolution
		{241F99F3-DB16-4128-B6CA-8BADD55DCE8F} = {DDB4EF12-CC4E-5E88-E6FC-71A802F4DE97}
		{94411269-8905-424B-9A30-2B5BC908079C} = {C7E04561-4C77-4623-BAB5-33B31A996587}
		{C974A930-3809-47FE-9A6A-4612C0068906} = {94411269-8905-424B-9A30-2B5BC908079C}
		{CD5F13AC-DB16-4BB6-B25B-200388C3979C} = {DDB4EF12-CC4E-5E88-E6FC-71A802F4DE97}
		{D2D93D56-DFF7-43FB-BD25-DBCBA62F09CF} = {DDB4EF12-CC4E-5E88-E6FC-71A802F4DE97}
		{E60AC039-38E8-4137-B0E9-D3FB8E608FDE} = {DDB4EF12-CC4E-5E88-E6FC-71A802F4DE97}
		{007BCE7B-7BAA-431C-A8A8-7012FD0E324B} = {3C179C95-F2ED-4217-96BF-635D93D12B92}
		{50BA3E2B-1948-4C2E-89EB-A0BA4335E9CA} = {3C179C95-F2ED-4217-96BF-635D93D12B92}
		{8339A83E-2FD2-4C5B-A1BA-94440046238C} = {3C179C95-F2ED-4217-96BF-635D93D12B92}
		{B6781869-F57E-4778-8A8C-590989129FC8} = {3C179C95-F2ED-4217-96BF-635D93D12B92}
	EndGlobalSection
	GlobalSection(ExtensibilityGlobals) = postSolution
		SolutionGuid = {17C43198-8855-46C1-B5B6-BB045E7272F4}
	EndGlobalSection
EndGlobal
